
Microsoft Visual Studio Solution File, Format Version 12.00
# Visual Studio Version 17
VisualStudioVersion = 17.11.35222.181
MinimumVisualStudioVersion = 10.0.40219.1
Project("{FAE04EC0-301F-11D3-BF4B-00C04F79EFBC}") = "drushim", "drushim\drushim.csproj", "{7E7349E3-7697-4D3F-876F-0CD226E2598C}"
EndProject
Global
	GlobalSection(SolutionConfigurationPlatforms) = preSolution
		Debug|Any CPU = Debug|Any CPU
		Release|Any CPU = Release|Any CPU
	EndGlobalSection
	GlobalSection(ProjectConfigurationPlatforms) = postSolution
		{7E7349E3-7697-4D3F-876F-0CD226E2598C}.Debug|Any CPU.ActiveCfg = Debug|Any CPU
		{7E7349E3-7697-4D3F-876F-0CD226E2598C}.Debug|Any CPU.Build.0 = Debug|Any CPU
		{7E7349E3-7697-4D3F-876F-0CD226E2598C}.Release|Any CPU.ActiveCfg = Release|Any CPU
		{7E7349E3-7697-4D3F-876F-0CD226E2598C}.Release|Any CPU.Build.0 = Release|Any CPU
	EndGlobalSection
	GlobalSection(SolutionProperties) = preSolution
		HideSolutionNode = FALSE
	EndGlobalSection
	GlobalSection(ExtensibilityGlobals) = postSolution
		SolutionGuid = {46E5FBF6-BD2B-4ED9-921A-AAAEA4E979FF}
	EndGlobalSection
EndGlobal
